
Microsoft Visual Studio Solution File, Format Version 12.00
# Visual Studio Version 16
VisualStudioVersion = 16.0.31005.135
MinimumVisualStudioVersion = 10.0.40219.1
Project("{8BC9CEB8-8B4A-11D0-8D11-00A0C91BC942}") = "f2bs", "f2bs\f2bs.vcxproj", "{2EEE9B77-25C4-454A-8EA4-032FD85185EC}"
EndProject
Project("{2150E333-8FDC-42A3-9474-1A3956D46DE8}") = "Solution Items", "Solution Items", "{BEA77C59-F46C-418D-A72D-B6C1F0406215}"
	ProjectSection(SolutionItems) = preProject
		README.md = README.md
	EndProjectSection
EndProject
Global
	GlobalSection(SolutionConfigurationPlatforms) = preSolution
		Debug|x64 = Debug|x64
		Debug|x86 = Debug|x86
		Release|x64 = Release|x64
		Release|x86 = Release|x86
	EndGlobalSection
	GlobalSection(ProjectConfigurationPlatforms) = postSolution
		{2EEE9B77-25C4-454A-8EA4-032FD85185EC}.Debug|x64.ActiveCfg = Debug|x64
		{2EEE9B77-25C4-454A-8EA4-032FD85185EC}.Debug|x64.Build.0 = Debug|x64
		{2EEE9B77-25C4-454A-8EA4-032FD85185EC}.Debug|x86.ActiveCfg = Debug|Win32
		{2EEE9B77-25C4-454A-8EA4-032FD85185EC}.Debug|x86.Build.0 = Debug|Win32
		{2EEE9B77-25C4-454A-8EA4-032FD85185EC}.Release|x64.ActiveCfg = Release|x64
		{2EEE9B77-25C4-454A-8EA4-032FD85185EC}.Release|x64.Build.0 = Release|x64
		{2EEE9B77-25C4-454A-8EA4-032FD85185EC}.Release|x86.ActiveCfg = Release|Win32
		{2EEE9B77-25C4-454A-8EA4-032FD85185EC}.Release|x86.Build.0 = Release|Win32
	EndGlobalSection
	GlobalSection(SolutionProperties) = preSolution
		HideSolutionNode = FALSE
	EndGlobalSection
	GlobalSection(ExtensibilityGlobals) = postSolution
		SolutionGuid = {336370C2-B1F7-4A2B-A037-0E8C3C60FB53}
	EndGlobalSection
EndGlobal
